
Microsoft Visual Studio Solution File, Format Version 12.00
# Visual Studio 15
VisualStudioVersion = 15.0.27130.2020
MinimumVisualStudioVersion = 10.0.40219.1
Project("{FAE04EC0-301F-11D3-BF4B-00C04F79EFBC}") = "Needle", "Needle\Needle.csproj", "{5FC0DA9E-9655-4736-8C46-3BDB855C9FAE}"
EndProject
Project("{FAE04EC0-301F-11D3-BF4B-00C04F79EFBC}") = "Testing", "Testing\Testing.csproj", "{35C88D55-3CFB-462B-AC83-784872757E69}"
EndProject
Global
	GlobalSection(SolutionConfigurationPlatforms) = preSolution
		Debug|Any CPU = Debug|Any CPU
		Release|Any CPU = Release|Any CPU
	EndGlobalSection
	GlobalSection(ProjectConfigurationPlatforms) = postSolution
		{5FC0DA9E-9655-4736-8C46-3BDB855C9FAE}.Debug|Any CPU.ActiveCfg = Debug|Any CPU
		{5FC0DA9E-9655-4736-8C46-3BDB855C9FAE}.Debug|Any CPU.Build.0 = Debug|Any CPU
		{5FC0DA9E-9655-4736-8C46-3BDB855C9FAE}.Release|Any CPU.ActiveCfg = Release|Any CPU
		{5FC0DA9E-9655-4736-8C46-3BDB855C9FAE}.Release|Any CPU.Build.0 = Release|Any CPU
		{35C88D55-3CFB-462B-AC83-784872757E69}.Debug|Any CPU.ActiveCfg = Debug|Any CPU
		{35C88D55-3CFB-462B-AC83-784872757E69}.Debug|Any CPU.Build.0 = Debug|Any CPU
		{35C88D55-3CFB-462B-AC83-784872757E69}.Release|Any CPU.ActiveCfg = Release|Any CPU
		{35C88D55-3CFB-462B-AC83-784872757E69}.Release|Any CPU.Build.0 = Release|Any CPU
	EndGlobalSection
	GlobalSection(SolutionProperties) = preSolution
		HideSolutionNode = FALSE
	EndGlobalSection
	GlobalSection(ExtensibilityGlobals) = postSolution
		SolutionGuid = {35A61D23-D7A1-451A-B25D-FC973D8C4AC6}
	EndGlobalSection
EndGlobal
